// !$*UTF8*$!
{
	archiveVersion = 1;
	classes = {
	};
	objectVersion = 50;
	objects = {

/* Begin PBXBuildFile section */
		2D20A2261D42EBC19E950686 /* libPods-YFXmlManagerDemo.a in Frameworks */ = {isa = PBXBuildFile; fileRef = 0234CDD86E280BD7809C17F1 /* libPods-YFXmlManagerDemo.a */; };
		5E8A0788215DFCE500ADDF6C /* AppDelegate.m in Sources */ = {isa = PBXBuildFile; fileRef = 5E8A0787215DFCE500ADDF6C /* AppDelegate.m */; };
		5E8A078B215DFCE500ADDF6C /* ViewController.m in Sources */ = {isa = PBXBuildFile; fileRef = 5E8A078A215DFCE500ADDF6C /* ViewController.m */; };
		5E8A078E215DFCE500ADDF6C /* Main.storyboard in Resources */ = {isa = PBXBuildFile; fileRef = 5E8A078C215DFCE500ADDF6C /* Main.storyboard */; };
		5E8A0790215DFCE800ADDF6C /* Assets.xcassets in Resources */ = {isa = PBXBuildFile; fileRef = 5E8A078F215DFCE800ADDF6C /* Assets.xcassets */; };
		5E8A0793215DFCE800ADDF6C /* LaunchScreen.storyboard in Resources */ = {isa = PBXBuildFile; fileRef = 5E8A0791215DFCE800ADDF6C /* LaunchScreen.storyboard */; };
		5E8A0796215DFCE800ADDF6C /* main.m in Sources */ = {isa = PBXBuildFile; fileRef = 5E8A0795215DFCE800ADDF6C /* main.m */; };
		5E8A07A0215DFCE800ADDF6C /* YFXmlManagerDemoTests.m in Sources */ = {isa = PBXBuildFile; fileRef = 5E8A079F215DFCE800ADDF6C /* YFXmlManagerDemoTests.m */; };
		5E8A07AB215DFCE800ADDF6C /* YFXmlManagerDemoUITests.m in Sources */ = {isa = PBXBuildFile; fileRef = 5E8A07AA215DFCE800ADDF6C /* YFXmlManagerDemoUITests.m */; };
		5E8A07BB215DFF4600ADDF6C /* EasyXML.m in Sources */ = {isa = PBXBuildFile; fileRef = 5E8A07BA215DFF4600ADDF6C /* EasyXML.m */; };
		5E8A07C1215E01EC00ADDF6C /* YFTestModel.m in Sources */ = {isa = PBXBuildFile; fileRef = 5E8A07C0215E01EC00ADDF6C /* YFTestModel.m */; };
		5E8A07C5215F2D2200ADDF6C /* TextXML.xml in Resources */ = {isa = PBXBuildFile; fileRef = 5E8A07C4215F2D2200ADDF6C /* TextXML.xml */; };
/* End PBXBuildFile section */

/* Begin PBXContainerItemProxy section */
		5E8A079C215DFCE800ADDF6C /* PBXContainerItemProxy */ = {
			isa = PBXContainerItemProxy;
			containerPortal = 5E8A077B215DFCE500ADDF6C /* Project object */;
			proxyType = 1;
			remoteGlobalIDString = 5E8A0782215DFCE500ADDF6C;
			remoteInfo = YFXmlManagerDemo;
		};
		5E8A07A7215DFCE800ADDF6C /* PBXContainerItemProxy */ = {
			isa = PBXContainerItemProxy;
			containerPortal = 5E8A077B215DFCE500ADDF6C /* Project object */;
			proxyType = 1;
			remoteGlobalIDString = 5E8A0782215DFCE500ADDF6C;
			remoteInfo = YFXmlManagerDemo;
		};
/* End PBXContainerItemProxy section */

/* Begin PBXFileReference section */
		0234CDD86E280BD7809C17F1 /* libPods-YFXmlManagerDemo.a */ = {isa = PBXFileReference; explicitFileType = archive.ar; includeInIndex = 0; path = "libPods-YFXmlManagerDemo.a"; sourceTree = BUILT_PRODUCTS_DIR; };
		182914D8A7C00B2A81726247 /* Pods-YFXmlManagerDemo.release.xcconfig */ = {isa = PBXFileReference; includeInIndex = 1; lastKnownFileType = text.xcconfig; name = "Pods-YFXmlManagerDemo.release.xcconfig"; path = "Target Support Files/Pods-YFXmlManagerDemo/Pods-YFXmlManagerDemo.release.xcconfig"; sourceTree = "<group>"; };
		335BC1549BC6B6E81C85FFC5 /* Pods-YFXmlManagerDemo.debug.xcconfig */ = {isa = PBXFileReference; includeInIndex = 1; lastKnownFileType = text.xcconfig; name = "Pods-YFXmlManagerDemo.debug.xcconfig"; path = "Target Support Files/Pods-YFXmlManagerDemo/Pods-YFXmlManagerDemo.debug.xcconfig"; sourceTree = "<group>"; };
		5E8A0783215DFCE500ADDF6C /* YFXmlManagerDemo.app */ = {isa = PBXFileReference; explicitFileType = wrapper.application; includeInIndex = 0; path = YFXmlManagerDemo.app; sourceTree = BUILT_PRODUCTS_DIR; };
		5E8A0786215DFCE500ADDF6C /* AppDelegate.h */ = {isa = PBXFileReference; lastKnownFileType = sourcecode.c.h; path = AppDelegate.h; sourceTree = "<group>"; };
		5E8A0787215DFCE500ADDF6C /* AppDelegate.m */ = {isa = PBXFileReference; lastKnownFileType = sourcecode.c.objc; path = AppDelegate.m; sourceTree = "<group>"; };
		5E8A0789215DFCE500ADDF6C /* ViewController.h */ = {isa = PBXFileReference; lastKnownFileType = sourcecode.c.h; path = ViewController.h; sourceTree = "<group>"; };
		5E8A078A215DFCE500ADDF6C /* ViewController.m */ = {isa = PBXFileReference; lastKnownFileType = sourcecode.c.objc; path = ViewController.m; sourceTree = "<group>"; };
		5E8A078D215DFCE500ADDF6C /* Base */ = {isa = PBXFileReference; lastKnownFileType = file.storyboard; name = Base; path = Base.lproj/Main.storyboard; sourceTree = "<group>"; };
		5E8A078F215DFCE800ADDF6C /* Assets.xcassets */ = {isa = PBXFileReference; lastKnownFileType = folder.assetcatalog; path = Assets.xcassets; sourceTree = "<group>"; };
		5E8A0792215DFCE800ADDF6C /* Base */ = {isa = PBXFileReference; lastKnownFileType = file.storyboard; name = Base; path = Base.lproj/LaunchScreen.storyboard; sourceTree = "<group>"; };
		5E8A0794215DFCE800ADDF6C /* Info.plist */ = {isa = PBXFileReference; lastKnownFileType = text.plist.xml; path = Info.plist; sourceTree = "<group>"; };
		5E8A0795215DFCE800ADDF6C /* main.m */ = {isa = PBXFileReference; lastKnownFileType = sourcecode.c.objc; path = main.m; sourceTree = "<group>"; };
		5E8A079B215DFCE800ADDF6C /* YFXmlManagerDemoTests.xctest */ = {isa = PBXFileReference; explicitFileType = wrapper.cfbundle; includeInIndex = 0; path = YFXmlManagerDemoTests.xctest; sourceTree = BUILT_PRODUCTS_DIR; };
		5E8A079F215DFCE800ADDF6C /* YFXmlManagerDemoTests.m */ = {isa = PBXFileReference; lastKnownFileType = sourcecode.c.objc; path = YFXmlManagerDemoTests.m; sourceTree = "<group>"; };
		5E8A07A1215DFCE800ADDF6C /* Info.plist */ = {isa = PBXFileReference; lastKnownFileType = text.plist.xml; path = Info.plist; sourceTree = "<group>"; };
		5E8A07A6215DFCE800ADDF6C /* YFXmlManagerDemoUITests.xctest */ = {isa = PBXFileReference; explicitFileType = wrapper.cfbundle; includeInIndex = 0; path = YFXmlManagerDemoUITests.xctest; sourceTree = BUILT_PRODUCTS_DIR; };
		5E8A07AA215DFCE800ADDF6C /* YFXmlManagerDemoUITests.m */ = {isa = PBXFileReference; lastKnownFileType = sourcecode.c.objc; path = YFXmlManagerDemoUITests.m; sourceTree = "<group>"; };
		5E8A07AC215DFCE800ADDF6C /* Info.plist */ = {isa = PBXFileReference; lastKnownFileType = text.plist.xml; path = Info.plist; sourceTree = "<group>"; };
		5E8A07B9215DFF4600ADDF6C /* EasyXML.h */ = {isa = PBXFileReference; lastKnownFileType = sourcecode.c.h; path = EasyXML.h; sourceTree = "<group>"; };
		5E8A07BA215DFF4600ADDF6C /* EasyXML.m */ = {isa = PBXFileReference; lastKnownFileType = sourcecode.c.objc; path = EasyXML.m; sourceTree = "<group>"; };
		5E8A07BF215E01EC00ADDF6C /* YFTestModel.h */ = {isa = PBXFileReference; lastKnownFileType = sourcecode.c.h; path = YFTestModel.h; sourceTree = "<group>"; };
		5E8A07C0215E01EC00ADDF6C /* YFTestModel.m */ = {isa = PBXFileReference; lastKnownFileType = sourcecode.c.objc; path = YFTestModel.m; sourceTree = "<group>"; };
		5E8A07C4215F2D2200ADDF6C /* TextXML.xml */ = {isa = PBXFileReference; fileEncoding = 4; lastKnownFileType = text.xml; path = TextXML.xml; sourceTree = "<group>"; };
/* End PBXFileReference section */

/* Begin PBXFrameworksBuildPhase section */
		5E8A0780215DFCE500ADDF6C /* Frameworks */ = {
			isa = PBXFrameworksBuildPhase;
			buildActionMask = 2147483647;
			files = (
				2D20A2261D42EBC19E950686 /* libPods-YFXmlManagerDemo.a in Frameworks */,
			);
			runOnlyForDeploymentPostprocessing = 0;
		};
		5E8A0798215DFCE800ADDF6C /* Frameworks */ = {
			isa = PBXFrameworksBuildPhase;
			buildActionMask = 2147483647;
			files = (
			);
			runOnlyForDeploymentPostprocessing = 0;
		};
		5E8A07A3215DFCE800ADDF6C /* Frameworks */ = {
			isa = PBXFrameworksBuildPhase;
			buildActionMask = 2147483647;
			files = (
			);
			runOnlyForDeploymentPostprocessing = 0;
		};
/* End PBXFrameworksBuildPhase section */

/* Begin PBXGroup section */
		491AC45624D1D4C0667BC632 /* Frameworks */ = {
			isa = PBXGroup;
			children = (
				0234CDD86E280BD7809C17F1 /* libPods-YFXmlManagerDemo.a */,
			);
			name = Frameworks;
			sourceTree = "<group>";
		};
		5E8A077A215DFCE500ADDF6C = {
			isa = PBXGroup;
			children = (
				5E8A0785215DFCE500ADDF6C /* YFXmlManagerDemo */,
				5E8A079E215DFCE800ADDF6C /* YFXmlManagerDemoTests */,
				5E8A07A9215DFCE800ADDF6C /* YFXmlManagerDemoUITests */,
				5E8A0784215DFCE500ADDF6C /* Products */,
				C4428AC097919B644CF38626 /* Pods */,
				491AC45624D1D4C0667BC632 /* Frameworks */,
			);
			sourceTree = "<group>";
		};
		5E8A0784215DFCE500ADDF6C /* Products */ = {
			isa = PBXGroup;
			children = (
				5E8A0783215DFCE500ADDF6C /* YFXmlManagerDemo.app */,
				5E8A079B215DFCE800ADDF6C /* YFXmlManagerDemoTests.xctest */,
				5E8A07A6215DFCE800ADDF6C /* YFXmlManagerDemoUITests.xctest */,
			);
			name = Products;
			sourceTree = "<group>";
		};
		5E8A0785215DFCE500ADDF6C /* YFXmlManagerDemo */ = {
			isa = PBXGroup;
			children = (
				5E8A07C4215F2D2200ADDF6C /* TextXML.xml */,
				5E8A07BF215E01EC00ADDF6C /* YFTestModel.h */,
				5E8A07C0215E01EC00ADDF6C /* YFTestModel.m */,
				5E8A07B8215DFD4500ADDF6C /* EasyXml */,
				5E8A0786215DFCE500ADDF6C /* AppDelegate.h */,
				5E8A0787215DFCE500ADDF6C /* AppDelegate.m */,
				5E8A0789215DFCE500ADDF6C /* ViewController.h */,
				5E8A078A215DFCE500ADDF6C /* ViewController.m */,
				5E8A078C215DFCE500ADDF6C /* Main.storyboard */,
				5E8A078F215DFCE800ADDF6C /* Assets.xcassets */,
				5E8A0791215DFCE800ADDF6C /* LaunchScreen.storyboard */,
				5E8A0794215DFCE800ADDF6C /* Info.plist */,
				5E8A0795215DFCE800ADDF6C /* main.m */,
			);
			path = YFXmlManagerDemo;
			sourceTree = "<group>";
		};
		5E8A079E215DFCE800ADDF6C /* YFXmlManagerDemoTests */ = {
			isa = PBXGroup;
			children = (
				5E8A079F215DFCE800ADDF6C /* YFXmlManagerDemoTests.m */,
				5E8A07A1215DFCE800ADDF6C /* Info.plist */,
			);
			path = YFXmlManagerDemoTests;
			sourceTree = "<group>";
		};
		5E8A07A9215DFCE800ADDF6C /* YFXmlManagerDemoUITests */ = {
			isa = PBXGroup;
			children = (
				5E8A07AA215DFCE800ADDF6C /* YFXmlManagerDemoUITests.m */,
				5E8A07AC215DFCE800ADDF6C /* Info.plist */,
			);
			path = YFXmlManagerDemoUITests;
			sourceTree = "<group>";
		};
		5E8A07B8215DFD4500ADDF6C /* EasyXml */ = {
			isa = PBXGroup;
			children = (
				5E8A07B9215DFF4600ADDF6C /* EasyXML.h */,
				5E8A07BA215DFF4600ADDF6C /* EasyXML.m */,
			);
			path = EasyXml;
			sourceTree = "<group>";
		};
		C4428AC097919B644CF38626 /* Pods */ = {
			isa = PBXGroup;
			children = (
				335BC1549BC6B6E81C85FFC5 /* Pods-YFXmlManagerDemo.debug.xcconfig */,
				182914D8A7C00B2A81726247 /* Pods-YFXmlManagerDemo.release.xcconfig */,
			);
			path = Pods;
			sourceTree = "<group>";
		};
/* End PBXGroup section */

/* Begin PBXNativeTarget section */
		5E8A0782215DFCE500ADDF6C /* YFXmlManagerDemo */ = {
			isa = PBXNativeTarget;
			buildConfigurationList = 5E8A07AF215DFCE800ADDF6C /* Build configuration list for PBXNativeTarget "YFXmlManagerDemo" */;
			buildPhases = (
				4F4140CA2D1C03BDAF106A0D /* [CP] Check Pods Manifest.lock */,
				5E8A077F215DFCE500ADDF6C /* Sources */,
				5E8A0780215DFCE500ADDF6C /* Frameworks */,
				5E8A0781215DFCE500ADDF6C /* Resources */,
			);
			buildRules = (
			);
			dependencies = (
			);
			name = YFXmlManagerDemo;
			productName = YFXmlManagerDemo;
			productReference = 5E8A0783215DFCE500ADDF6C /* YFXmlManagerDemo.app */;
			productType = "com.apple.product-type.application";
		};
		5E8A079A215DFCE800ADDF6C /* YFXmlManagerDemoTests */ = {
			isa = PBXNativeTarget;
			buildConfigurationList = 5E8A07B2215DFCE800ADDF6C /* Build configuration list for PBXNativeTarget "YFXmlManagerDemoTests" */;
			buildPhases = (
				5E8A0797215DFCE800ADDF6C /* Sources */,
				5E8A0798215DFCE800ADDF6C /* Frameworks */,
				5E8A0799215DFCE800ADDF6C /* Resources */,
			);
			buildRules = (
			);
			dependencies = (
				5E8A079D215DFCE800ADDF6C /* PBXTargetDependency */,
			);
			name = YFXmlManagerDemoTests;
			productName = YFXmlManagerDemoTests;
			productReference = 5E8A079B215DFCE800ADDF6C /* YFXmlManagerDemoTests.xctest */;
			productType = "com.apple.product-type.bundle.unit-test";
		};
		5E8A07A5215DFCE800ADDF6C /* YFXmlManagerDemoUITests */ = {
			isa = PBXNativeTarget;
			buildConfigurationList = 5E8A07B5215DFCE800ADDF6C /* Build configuration list for PBXNativeTarget "YFXmlManagerDemoUITests" */;
			buildPhases = (
				5E8A07A2215DFCE800ADDF6C /* Sources */,
				5E8A07A3215DFCE800ADDF6C /* Frameworks */,
				5E8A07A4215DFCE800ADDF6C /* Resources */,
			);
			buildRules = (
			);
			dependencies = (
				5E8A07A8215DFCE800ADDF6C /* PBXTargetDependency */,
			);
			name = YFXmlManagerDemoUITests;
			productName = YFXmlManagerDemoUITests;
			productReference = 5E8A07A6215DFCE800ADDF6C /* YFXmlManagerDemoUITests.xctest */;
			productType = "com.apple.product-type.bundle.ui-testing";
		};
/* End PBXNativeTarget section */

/* Begin PBXProject section */
		5E8A077B215DFCE500ADDF6C /* Project object */ = {
			isa = PBXProject;
			attributes = {
				LastUpgradeCheck = 1000;
				ORGANIZATIONNAME = YFWCQ;
				TargetAttributes = {
					5E8A0782215DFCE500ADDF6C = {
						CreatedOnToolsVersion = 10.0;
					};
					5E8A079A215DFCE800ADDF6C = {
						CreatedOnToolsVersion = 10.0;
						TestTargetID = 5E8A0782215DFCE500ADDF6C;
					};
					5E8A07A5215DFCE800ADDF6C = {
						CreatedOnToolsVersion = 10.0;
						TestTargetID = 5E8A0782215DFCE500ADDF6C;
					};
				};
			};
			buildConfigurationList = 5E8A077E215DFCE500ADDF6C /* Build configuration list for PBXProject "YFXmlManagerDemo" */;
			compatibilityVersion = "Xcode 9.3";
			developmentRegion = en;
			hasScannedForEncodings = 0;
			knownRegions = (
				en,
				Base,
			);
			mainGroup = 5E8A077A215DFCE500ADDF6C;
			productRefGroup = 5E8A0784215DFCE500ADDF6C /* Products */;
			projectDirPath = "";
			projectRoot = "";
			targets = (
				5E8A0782215DFCE500ADDF6C /* YFXmlManagerDemo */,
				5E8A079A215DFCE800ADDF6C /* YFXmlManagerDemoTests */,
				5E8A07A5215DFCE800ADDF6C /* YFXmlManagerDemoUITests */,
			);
		};
/* End PBXProject section */

/* Begin PBXResourcesBuildPhase section */
		5E8A0781215DFCE500ADDF6C /* Resources */ = {
			isa = PBXResourcesBuildPhase;
			buildActionMask = 2147483647;
			files = (
				5E8A0793215DFCE800ADDF6C /* LaunchScreen.storyboard in Resources */,
				5E8A07C5215F2D2200ADDF6C /* TextXML.xml in Resources */,
				5E8A0790215DFCE800ADDF6C /* Assets.xcassets in Resources */,
				5E8A078E215DFCE500ADDF6C /* Main.storyboard in Resources */,
			);
			runOnlyForDeploymentPostprocessing = 0;
		};
		5E8A0799215DFCE800ADDF6C /* Resources */ = {
			isa = PBXResourcesBuildPhase;
			buildActionMask = 2147483647;
			files = (
			);
			runOnlyForDeploymentPostprocessing = 0;
		};
		5E8A07A4215DFCE800ADDF6C /* Resources */ = {
			isa = PBXResourcesBuildPhase;
			buildActionMask = 2147483647;
			files = (
			);
			runOnlyForDeploymentPostprocessing = 0;
		};
/* End PBXResourcesBuildPhase section */

/* Begin PBXShellScriptBuildPhase section */
		4F4140CA2D1C03BDAF106A0D /* [CP] Check Pods Manifest.lock */ = {
			isa = PBXShellScriptBuildPhase;
			buildActionMask = 2147483647;
			files = (
			);
			inputFileListPaths = (
			);
			inputPaths = (
				"${PODS_PODFILE_DIR_PATH}/Podfile.lock",
				"${PODS_ROOT}/Manifest.lock",
			);
			name = "[CP] Check Pods Manifest.lock";
			outputFileListPaths = (
			);
			outputPaths = (
				"$(DERIVED_FILE_DIR)/Pods-YFXmlManagerDemo-checkManifestLockResult.txt",
			);
			runOnlyForDeploymentPostprocessing = 0;
			shellPath = /bin/sh;
			shellScript = "diff \"${PODS_PODFILE_DIR_PATH}/Podfile.lock\" \"${PODS_ROOT}/Manifest.lock\" > /dev/null\nif [ $? != 0 ] ; then\n    # print error to STDERR\n    echo \"error: The sandbox is not in sync with the Podfile.lock. Run 'pod install' or update your CocoaPods installation.\" >&2\n    exit 1\nfi\n# This output is used by Xcode 'outputs' to avoid re-running this script phase.\necho \"SUCCESS\" > \"${SCRIPT_OUTPUT_FILE_0}\"\n";
			showEnvVarsInLog = 0;
		};
/* End PBXShellScriptBuildPhase section */

/* Begin PBXSourcesBuildPhase section */
		5E8A077F215DFCE500ADDF6C /* Sources */ = {
			isa = PBXSourcesBuildPhase;
			buildActionMask = 2147483647;
			files = (
				5E8A07C1215E01EC00ADDF6C /* YFTestModel.m in Sources */,
				5E8A078B215DFCE500ADDF6C /* ViewController.m in Sources */,
				5E8A0796215DFCE800ADDF6C /* main.m in Sources */,
				5E8A0788215DFCE500ADDF6C /* AppDelegate.m in Sources */,
				5E8A07BB215DFF4600ADDF6C /* EasyXML.m in Sources */,
			);
			runOnlyForDeploymentPostprocessing = 0;
		};
		5E8A0797215DFCE800ADDF6C /* Sources */ = {
			isa = PBXSourcesBuildPhase;
			buildActionMask = 2147483647;
			files = (
				5E8A07A0215DFCE800ADDF6C /* YFXmlManagerDemoTests.m in Sources */,
			);
			runOnlyForDeploymentPostprocessing = 0;
		};
		5E8A07A2215DFCE800ADDF6C /* Sources */ = {
			isa = PBXSourcesBuildPhase;
			buildActionMask = 2147483647;
			files = (
				5E8A07AB215DFCE800ADDF6C /* YFXmlManagerDemoUITests.m in Sources */,
			);
			runOnlyForDeploymentPostprocessing = 0;
		};
/* End PBXSourcesBuildPhase section */

/* Begin PBXTargetDependency section */
		5E8A079D215DFCE800ADDF6C /* PBXTargetDependency */ = {
			isa = PBXTargetDependency;
			target = 5E8A0782215DFCE500ADDF6C /* YFXmlManagerDemo */;
			targetProxy = 5E8A079C215DFCE800ADDF6C /* PBXContainerItemProxy */;
		};
		5E8A07A8215DFCE800ADDF6C /* PBXTargetDependency */ = {
			isa = PBXTargetDependency;
			target = 5E8A0782215DFCE500ADDF6C /* YFXmlManagerDemo */;
			targetProxy = 5E8A07A7215DFCE800ADDF6C /* PBXContainerItemProxy */;
		};
/* End PBXTargetDependency section */

/* Begin PBXVariantGroup section */
		5E8A078C215DFCE500ADDF6C /* Main.storyboard */ = {
			isa = PBXVariantGroup;
			children = (
				5E8A078D215DFCE500ADDF6C /* Base */,
			);
			name = Main.storyboard;
			sourceTree = "<group>";
			usesTabs = 0;
		};
		5E8A0791215DFCE800ADDF6C /* LaunchScreen.storyboard */ = {
			isa = PBXVariantGroup;
			children = (
				5E8A0792215DFCE800ADDF6C /* Base */,
			);
			name = LaunchScreen.storyboard;
			sourceTree = "<group>";
		};
/* End PBXVariantGroup section */

/* Begin XCBuildConfiguration section */
		5E8A07AD215DFCE800ADDF6C /* Debug */ = {
			isa = XCBuildConfiguration;
			buildSettings = {
				ALWAYS_SEARCH_USER_PATHS = NO;
				CLANG_ANALYZER_NONNULL = YES;
				CLANG_ANALYZER_NUMBER_OBJECT_CONVERSION = YES_AGGRESSIVE;
				CLANG_CXX_LANGUAGE_STANDARD = "gnu++14";
				CLANG_CXX_LIBRARY = "libc++";
				CLANG_ENABLE_MODULES = YES;
				CLANG_ENABLE_OBJC_ARC = YES;
				CLANG_ENABLE_OBJC_WEAK = YES;
				CLANG_WARN_BLOCK_CAPTURE_AUTORELEASING = YES;
				CLANG_WARN_BOOL_CONVERSION = YES;
				CLANG_WARN_COMMA = YES;
				CLANG_WARN_CONSTANT_CONVERSION = YES;
				CLANG_WARN_DEPRECATED_OBJC_IMPLEMENTATIONS = YES;
				CLANG_WARN_DIRECT_OBJC_ISA_USAGE = YES_ERROR;
				CLANG_WARN_DOCUMENTATION_COMMENTS = YES;
				CLANG_WARN_EMPTY_BODY = YES;
				CLANG_WARN_ENUM_CONVERSION = YES;
				CLANG_WARN_INFINITE_RECURSION = YES;
				CLANG_WARN_INT_CONVERSION = YES;
				CLANG_WARN_NON_LITERAL_NULL_CONVERSION = YES;
				CLANG_WARN_OBJC_IMPLICIT_RETAIN_SELF = YES;
				CLANG_WARN_OBJC_LITERAL_CONVERSION = YES;
				CLANG_WARN_OBJC_ROOT_CLASS = YES_ERROR;
				CLANG_WARN_RANGE_LOOP_ANALYSIS = YES;
				CLANG_WARN_STRICT_PROTOTYPES = YES;
				CLANG_WARN_SUSPICIOUS_MOVE = YES;
				CLANG_WARN_UNGUARDED_AVAILABILITY = YES_AGGRESSIVE;
				CLANG_WARN_UNREACHABLE_CODE = YES;
				CLANG_WARN__DUPLICATE_METHOD_MATCH = YES;
				CODE_SIGN_IDENTITY = "iPhone Developer";
				COPY_PHASE_STRIP = NO;
				DEBUG_INFORMATION_FORMAT = dwarf;
				ENABLE_STRICT_OBJC_MSGSEND = YES;
				ENABLE_TESTABILITY = YES;
				GCC_C_LANGUAGE_STANDARD = gnu11;
				GCC_DYNAMIC_NO_PIC = NO;
				GCC_NO_COMMON_BLOCKS = YES;
				GCC_OPTIMIZATION_LEVEL = 0;
				GCC_PREPROCESSOR_DEFINITIONS = (
					"DEBUG=1",
					"$(inherited)",
				);
				GCC_WARN_64_TO_32_BIT_CONVERSION = YES;
				GCC_WARN_ABOUT_RETURN_TYPE = YES_ERROR;
				GCC_WARN_UNDECLARED_SELECTOR = YES;
				GCC_WARN_UNINITIALIZED_AUTOS = YES_AGGRESSIVE;
				GCC_WARN_UNUSED_FUNCTION = YES;
				GCC_WARN_UNUSED_VARIABLE = YES;
				IPHONEOS_DEPLOYMENT_TARGET = 12.0;
				MTL_ENABLE_DEBUG_INFO = INCLUDE_SOURCE;
				MTL_FAST_MATH = YES;
				ONLY_ACTIVE_ARCH = YES;
				SDKROOT = iphoneos;
			};
			name = Debug;
		};
		5E8A07AE215DFCE800ADDF6C /* Release */ = {
			isa = XCBuildConfiguration;
			buildSettings = {
				ALWAYS_SEARCH_USER_PATHS = NO;
				CLANG_ANALYZER_NONNULL = YES;
				CLANG_ANALYZER_NUMBER_OBJECT_CONVERSION = YES_AGGRESSIVE;
				CLANG_CXX_LANGUAGE_STANDARD = "gnu++14";
				CLANG_CXX_LIBRARY = "libc++";
				CLANG_ENABLE_MODULES = YES;
				CLANG_ENABLE_OBJC_ARC = YES;
				CLANG_ENABLE_OBJC_WEAK = YES;
				CLANG_WARN_BLOCK_CAPTURE_AUTORELEASING = YES;
				CLANG_WARN_BOOL_CONVERSION = YES;
				CLANG_WARN_COMMA = YES;
				CLANG_WARN_CONSTANT_CONVERSION = YES;
				CLANG_WARN_DEPRECATED_OBJC_IMPLEMENTATIONS = YES;
				CLANG_WARN_DIRECT_OBJC_ISA_USAGE = YES_ERROR;
				CLANG_WARN_DOCUMENTATION_COMMENTS = YES;
				CLANG_WARN_EMPTY_BODY = YES;
				CLANG_WARN_ENUM_CONVERSION = YES;
				CLANG_WARN_INFINITE_RECURSION = YES;
				CLANG_WARN_INT_CONVERSION = YES;
				CLANG_WARN_NON_LITERAL_NULL_CONVERSION = YES;
				CLANG_WARN_OBJC_IMPLICIT_RETAIN_SELF = YES;
				CLANG_WARN_OBJC_LITERAL_CONVERSION = YES;
				CLANG_WARN_OBJC_ROOT_CLASS = YES_ERROR;
				CLANG_WARN_RANGE_LOOP_ANALYSIS = YES;
				CLANG_WARN_STRICT_PROTOTYPES = YES;
				CLANG_WARN_SUSPICIOUS_MOVE = YES;
				CLANG_WARN_UNGUARDED_AVAILABILITY = YES_AGGRESSIVE;
				CLANG_WARN_UNREACHABLE_CODE = YES;
				CLANG_WARN__DUPLICATE_METHOD_MATCH = YES;
				CODE_SIGN_IDENTITY = "iPhone Developer";
				COPY_PHASE_STRIP = NO;
				DEBUG_INFORMATION_FORMAT = "dwarf-with-dsym";
				ENABLE_NS_ASSERTIONS = NO;
				ENABLE_STRICT_OBJC_MSGSEND = YES;
				GCC_C_LANGUAGE_STANDARD = gnu11;
				GCC_NO_COMMON_BLOCKS = YES;
				GCC_WARN_64_TO_32_BIT_CONVERSION = YES;
				GCC_WARN_ABOUT_RETURN_TYPE = YES_ERROR;
				GCC_WARN_UNDECLARED_SELECTOR = YES;
				GCC_WARN_UNINITIALIZED_AUTOS = YES_AGGRESSIVE;
				GCC_WARN_UNUSED_FUNCTION = YES;
				GCC_WARN_UNUSED_VARIABLE = YES;
				IPHONEOS_DEPLOYMENT_TARGET = 12.0;
				MTL_ENABLE_DEBUG_INFO = NO;
				MTL_FAST_MATH = YES;
				SDKROOT = iphoneos;
				VALIDATE_PRODUCT = YES;
			};
			name = Release;
		};
		5E8A07B0215DFCE800ADDF6C /* Debug */ = {
			isa = XCBuildConfiguration;
			baseConfigurationReference = 335BC1549BC6B6E81C85FFC5 /* Pods-YFXmlManagerDemo.debug.xcconfig */;
			buildSettings = {
				ASSETCATALOG_COMPILER_APPICON_NAME = AppIcon;
				CODE_SIGN_STYLE = Manual;
				DEVELOPMENT_TEAM = "";
				INFOPLIST_FILE = YFXmlManagerDemo/Info.plist;
				LD_RUNPATH_SEARCH_PATHS = (
					"$(inherited)",
					"@executable_path/Frameworks",
				);
				PRODUCT_BUNDLE_IDENTIFIER = "-31.YFXmlManagerDemo";
				PRODUCT_NAME = "$(TARGET_NAME)";
				PROVISIONING_PROFILE_SPECIFIER = "";
				TARGETED_DEVICE_FAMILY = "1,2";
			};
			name = Debug;
		};
		5E8A07B1215DFCE800ADDF6C /* Release */ = {
			isa = XCBuildConfiguration;
			baseConfigurationReference = 182914D8A7C00B2A81726247 /* Pods-YFXmlManagerDemo.release.xcconfig */;
			buildSettings = {
				ASSETCATALOG_COMPILER_APPICON_NAME = AppIcon;
				CODE_SIGN_STYLE = Manual;
				DEVELOPMENT_TEAM = "";
				INFOPLIST_FILE = YFXmlManagerDemo/Info.plist;
				LD_RUNPATH_SEARCH_PATHS = (
					"$(inherited)",
					"@executable_path/Frameworks",
				);
				PRODUCT_BUNDLE_IDENTIFIER = "-31.YFXmlManagerDemo";
				PRODUCT_NAME = "$(TARGET_NAME)";
				PROVISIONING_PROFILE_SPECIFIER = "";
				TARGETED_DEVICE_FAMILY = "1,2";
			};
			name = Release;
		};
		5E8A07B3215DFCE800ADDF6C /* Debug */ = {
			isa = XCBuildConfiguration;
			buildSettings = {
				BUNDLE_LOADER = "$(TEST_HOST)";
				CODE_SIGN_STYLE = Automatic;
				DEVELOPMENT_TEAM = BHJQ8TDB9V;
				INFOPLIST_FILE = YFXmlManagerDemoTests/Info.plist;
				LD_RUNPATH_SEARCH_PATHS = (
					"$(inherited)",
					"@executable_path/Frameworks",
					"@loader_path/Frameworks",
				);
				PRODUCT_BUNDLE_IDENTIFIER = "-31.YFXmlManagerDemoTests";
				PRODUCT_NAME = "$(TARGET_NAME)";
				TARGETED_DEVICE_FAMILY = "1,2";
				TEST_HOST = "$(BUILT_PRODUCTS_DIR)/YFXmlManagerDemo.app/YFXmlManagerDemo";
			};
			name = Debug;
		};
		5E8A07B4215DFCE800ADDF6C /* Release */ = {
			isa = XCBuildConfiguration;
			buildSettings = {
				BUNDLE_LOADER = "$(TEST_HOST)";
				CODE_SIGN_STYLE = Automatic;
				DEVELOPMENT_TEAM = BHJQ8TDB9V;
				INFOPLIST_FILE = YFXmlManagerDemoTests/Info.plist;
				LD_RUNPATH_SEARCH_PATHS = (
					"$(inherited)",
					"@executable_path/Frameworks",
					"@loader_path/Frameworks",
				);
				PRODUCT_BUNDLE_IDENTIFIER = "-31.YFXmlManagerDemoTests";
				PRODUCT_NAME = "$(TARGET_NAME)";
				TARGETED_DEVICE_FAMILY = "1,2";
				TEST_HOST = "$(BUILT_PRODUCTS_DIR)/YFXmlManagerDemo.app/YFXmlManagerDemo";
			};
			name = Release;
		};
		5E8A07B6215DFCE800ADDF6C /* Debug */ = {
			isa = XCBuildConfiguration;
			buildSettings = {
				CODE_SIGN_STYLE = Automatic;
				DEVELOPMENT_TEAM = BHJQ8TDB9V;
				INFOPLIST_FILE = YFXmlManagerDemoUITests/Info.plist;
				LD_RUNPATH_SEARCH_PATHS = (
					"$(inherited)",
					"@executable_path/Frameworks",
					"@loader_path/Frameworks",
				);
				PRODUCT_BUNDLE_IDENTIFIER = "-31.YFXmlManagerDemoUITests";
				PRODUCT_NAME = "$(TARGET_NAME)";
				TARGETED_DEVICE_FAMILY = "1,2";
				TEST_TARGET_NAME = YFXmlManagerDemo;
			};
			name = Debug;
		};
		5E8A07B7215DFCE800ADDF6C /* Release */ = {
			isa = XCBuildConfiguration;
			buildSettings = {
				CODE_SIGN_STYLE = Automatic;
				DEVELOPMENT_TEAM = BHJQ8TDB9V;
				INFOPLIST_FILE = YFXmlManagerDemoUITests/Info.plist;
				LD_RUNPATH_SEARCH_PATHS = (
					"$(inherited)",
					"@executable_path/Frameworks",
					"@loader_path/Frameworks",
				);
				PRODUCT_BUNDLE_IDENTIFIER = "-31.YFXmlManagerDemoUITests";
				PRODUCT_NAME = "$(TARGET_NAME)";
				TARGETED_DEVICE_FAMILY = "1,2";
				TEST_TARGET_NAME = YFXmlManagerDemo;
			};
			name = Release;
		};
/* End XCBuildConfiguration section */

/* Begin XCConfigurationList section */
		5E8A077E215DFCE500ADDF6C /* Build configuration list for PBXProject "YFXmlManagerDemo" */ = {
			isa = XCConfigurationList;
			buildConfigurations = (
				5E8A07AD215DFCE800ADDF6C /* Debug */,
				5E8A07AE215DFCE800ADDF6C /* Release */,
			);
			defaultConfigurationIsVisible = 0;
			defaultConfigurationName = Release;
		};
		5E8A07AF215DFCE800ADDF6C /* Build configuration list for PBXNativeTarget "YFXmlManagerDemo" */ = {
			isa = XCConfigurationList;
			buildConfigurations = (
				5E8A07B0215DFCE800ADDF6C /* Debug */,
				5E8A07B1215DFCE800ADDF6C /* Release */,
			);
			defaultConfigurationIsVisible = 0;
			defaultConfigurationName = Release;
		};
		5E8A07B2215DFCE800ADDF6C /* Build configuration list for PBXNativeTarget "YFXmlManagerDemoTests" */ = {
			isa = XCConfigurationList;
			buildConfigurations = (
				5E8A07B3215DFCE800ADDF6C /* Debug */,
				5E8A07B4215DFCE800ADDF6C /* Release */,
			);
			defaultConfigurationIsVisible = 0;
			defaultConfigurationName = Release;
		};
		5E8A07B5215DFCE800ADDF6C /* Build configuration list for PBXNativeTarget "YFXmlManagerDemoUITests" */ = {
			isa = XCConfigurationList;
			buildConfigurations = (
				5E8A07B6215DFCE800ADDF6C /* Debug */,
				5E8A07B7215DFCE800ADDF6C /* Release */,
			);
			defaultConfigurationIsVisible = 0;
			defaultConfigurationName = Release;
		};
/* End XCConfigurationList section */
	};
	rootObject = 5E8A077B215DFCE500ADDF6C /* Project object */;
}
